
Microsoft Visual Studio Solution File, Format Version 12.00
# Visual Studio Version 17
VisualStudioVersion = 17.0.32014.148
MinimumVisualStudioVersion = 10.0.40219.1
Project("{FAE04EC0-301F-11D3-BF4B-00C04F79EFBC}") = "ExercHeritage1", "ExercHeritage1\ExercHeritage1.csproj", "{9B279B0D-D3B4-4A73-A81E-FA41D9AC035B}"
EndProject
Global
	GlobalSection(SolutionConfigurationPlatforms) = preSolution
		Debug|Any CPU = Debug|Any CPU
		Release|Any CPU = Release|Any CPU
	EndGlobalSection
	GlobalSection(ProjectConfigurationPlatforms) = postSolution
		{9B279B0D-D3B4-4A73-A81E-FA41D9AC035B}.Debug|Any CPU.ActiveCfg = Debug|Any CPU
		{9B279B0D-D3B4-4A73-A81E-FA41D9AC035B}.Debug|Any CPU.Build.0 = Debug|Any CPU
		{9B279B0D-D3B4-4A73-A81E-FA41D9AC035B}.Release|Any CPU.ActiveCfg = Release|Any CPU
		{9B279B0D-D3B4-4A73-A81E-FA41D9AC035B}.Release|Any CPU.Build.0 = Release|Any CPU
	EndGlobalSection
	GlobalSection(SolutionProperties) = preSolution
		HideSolutionNode = FALSE
	EndGlobalSection
	GlobalSection(ExtensibilityGlobals) = postSolution
		SolutionGuid = {7963DE86-9ED2-479C-926F-770CF6DB9670}
	EndGlobalSection
EndGlobal
